
Microsoft Visual Studio Solution File, Format Version 12.00
# Visual Studio Version 17
VisualStudioVersion = 17.11.35125.118
MinimumVisualStudioVersion = 10.0.40219.1
Project("{FAE04EC0-301F-11D3-BF4B-00C04F79EFBC}") = "BuildASandwich", "BuildASandwich.csproj", "{266EB36E-52EA-4BC4-8325-12D21B2D46EC}"
EndProject
Global
	GlobalSection(SolutionConfigurationPlatforms) = preSolution
		Debug|Any CPU = Debug|Any CPU
		Release|Any CPU = Release|Any CPU
	EndGlobalSection
	GlobalSection(ProjectConfigurationPlatforms) = postSolution
		{266EB36E-52EA-4BC4-8325-12D21B2D46EC}.Debug|Any CPU.ActiveCfg = Debug|Any CPU
		{266EB36E-52EA-4BC4-8325-12D21B2D46EC}.Debug|Any CPU.Build.0 = Debug|Any CPU
		{266EB36E-52EA-4BC4-8325-12D21B2D46EC}.Release|Any CPU.ActiveCfg = Release|Any CPU
		{266EB36E-52EA-4BC4-8325-12D21B2D46EC}.Release|Any CPU.Build.0 = Release|Any CPU
	EndGlobalSection
	GlobalSection(SolutionProperties) = preSolution
		HideSolutionNode = FALSE
	EndGlobalSection
	GlobalSection(ExtensibilityGlobals) = postSolution
		SolutionGuid = {24DC247A-6CD2-4DC0-BDA9-454E6C073672}
	EndGlobalSection
EndGlobal
